
Microsoft Visual Studio Solution File, Format Version 12.00
# Visual Studio Version 16
VisualStudioVersion = 16.0.33214.272
MinimumVisualStudioVersion = 10.0.40219.1
Project("{2150E333-8FDC-42A3-9474-1A3956D46DE8}") = "Services", "Services", "{96E46992-8568-4C27-8DDA-F34B13A3AAC7}"
EndProject
Project("{2150E333-8FDC-42A3-9474-1A3956D46DE8}") = "Catalog", "Catalog", "{AC210DFE-8A25-4ABC-A547-5306DA09BEA7}"
EndProject
Project("{FAE04EC0-301F-11D3-BF4B-00C04F79EFBC}") = "Catalog.API", "Services\Catalog\Catalog.API\Catalog.API.csproj", "{0176EF8B-D3ED-42BE-8EFB-9139FDDF3E91}"
EndProject
Global
	GlobalSection(SolutionConfigurationPlatforms) = preSolution
		Debug|Any CPU = Debug|Any CPU
		Release|Any CPU = Release|Any CPU
	EndGlobalSection
	GlobalSection(ProjectConfigurationPlatforms) = postSolution
		{0176EF8B-D3ED-42BE-8EFB-9139FDDF3E91}.Debug|Any CPU.ActiveCfg = Debug|Any CPU
		{0176EF8B-D3ED-42BE-8EFB-9139FDDF3E91}.Debug|Any CPU.Build.0 = Debug|Any CPU
		{0176EF8B-D3ED-42BE-8EFB-9139FDDF3E91}.Release|Any CPU.ActiveCfg = Release|Any CPU
		{0176EF8B-D3ED-42BE-8EFB-9139FDDF3E91}.Release|Any CPU.Build.0 = Release|Any CPU
	EndGlobalSection
	GlobalSection(SolutionProperties) = preSolution
		HideSolutionNode = FALSE
	EndGlobalSection
	GlobalSection(NestedProjects) = preSolution
		{AC210DFE-8A25-4ABC-A547-5306DA09BEA7} = {96E46992-8568-4C27-8DDA-F34B13A3AAC7}
		{0176EF8B-D3ED-42BE-8EFB-9139FDDF3E91} = {AC210DFE-8A25-4ABC-A547-5306DA09BEA7}
	EndGlobalSection
	GlobalSection(ExtensibilityGlobals) = postSolution
		SolutionGuid = {54455ACD-F68A-447B-9636-9B51C2990696}
	EndGlobalSection
EndGlobal
